
Microsoft Visual Studio Solution File, Format Version 12.00
# Visual Studio 15
VisualStudioVersion = 15.0.27130.2010
MinimumVisualStudioVersion = 10.0.40219.1
Project("{2150E333-8FDC-42A3-9474-1A3956D46DE8}") = "T4", "T4", "{41805152-3DA9-4D4F-B1C0-D48B1E96C0DA}"
	ProjectSection(SolutionItems) = preProject
		T4\DbHelper.ttinclude = T4\DbHelper.ttinclude
		T4\OutputHelper.ttinclude = T4\OutputHelper.ttinclude
	EndProjectSection
EndProject
Project("{2150E333-8FDC-42A3-9474-1A3956D46DE8}") = "Dal", "Dal", "{3F6A173A-EFC2-45EA-825E-7691460385AA}"
EndProject
Project("{2150E333-8FDC-42A3-9474-1A3956D46DE8}") = "Bll", "Bll", "{B6E7524E-5772-4480-BCC0-0080F76358C2}"
EndProject
Project("{2150E333-8FDC-42A3-9474-1A3956D46DE8}") = "Api", "Api", "{80BF11ED-45E9-4F8A-B5B4-A682FD925AB6}"
EndProject
Project("{2150E333-8FDC-42A3-9474-1A3956D46DE8}") = "Common", "Common", "{28E7CE20-36DD-4419-833E-9C9F59F79EDB}"
EndProject
Project("{2150E333-8FDC-42A3-9474-1A3956D46DE8}") = "Model", "Model", "{6485EB7D-D49B-4743-A92E-715DB528E02D}"
EndProject
Project("{FAE04EC0-301F-11D3-BF4B-00C04F79EFBC}") = "Ast.Api", "Ast.Api\Ast.Api.csproj", "{1AD327A6-6A63-4E9E-A532-187859EC6E40}"
EndProject
Project("{FAE04EC0-301F-11D3-BF4B-00C04F79EFBC}") = "Ast.Bll", "Ast.Bll\Ast.Bll.csproj", "{038F812E-5D14-47CF-8BBF-832158548061}"
EndProject
Project("{FAE04EC0-301F-11D3-BF4B-00C04F79EFBC}") = "Ast.IBll", "Ast.IBll\Ast.IBll.csproj", "{FA6431E6-944F-4246-9C14-B5AA83A1A661}"
EndProject
Project("{FAE04EC0-301F-11D3-BF4B-00C04F79EFBC}") = "Ast.Dal", "Ast.Dal\Ast.Dal.csproj", "{19708C74-09D0-42D9-8946-27F30E5BD7E5}"
EndProject
Project("{FAE04EC0-301F-11D3-BF4B-00C04F79EFBC}") = "Ast.DalFactory", "Ast.DalFactory\Ast.DalFactory.csproj", "{8BA97B3B-A2B7-4AB2-908E-35A27239446F}"
EndProject
Project("{FAE04EC0-301F-11D3-BF4B-00C04F79EFBC}") = "Ast.IDal", "Ast.IDal\Ast.IDal.csproj", "{01B7A8BE-FB65-4D38-AF8B-B60455BAAC07}"
EndProject
Project("{FAE04EC0-301F-11D3-BF4B-00C04F79EFBC}") = "Ast.Models", "Ast.Models\Ast.Models.csproj", "{F6B3D0CC-9BA0-41A1-BD6C-BB8510942787}"
EndProject
Project("{FAE04EC0-301F-11D3-BF4B-00C04F79EFBC}") = "Ast.Common", "Ast.Common\Ast.Common.csproj", "{241CF576-527B-4881-B94A-50E97CAE9D59}"
EndProject
Project("{FAE04EC0-301F-11D3-BF4B-00C04F79EFBC}") = "Ast.Log4Net", "Ast.Log4Net\Ast.Log4Net.csproj", "{8018A0D3-BF7A-445D-9E4E-BAA60B1AFB83}"
EndProject
Project("{FAE04EC0-301F-11D3-BF4B-00C04F79EFBC}") = "Ast.Redis", "Ast.Redis\Ast.Redis.csproj", "{DD384758-6A85-48FF-90C0-7F21B53C83D5}"
EndProject
Project("{2150E333-8FDC-42A3-9474-1A3956D46DE8}") = "Web", "Web", "{48151E21-1FA0-4EF4-A28A-93C9485954F7}"
EndProject
Project("{FAE04EC0-301F-11D3-BF4B-00C04F79EFBC}") = "Ast.Web", "Ast.Web\Ast.Web.csproj", "{1E508387-B042-415B-AFC4-023DD9DEE4FE}"
EndProject
Project("{FAE04EC0-301F-11D3-BF4B-00C04F79EFBC}") = "Ast.HcNetWork", "Ast.HcNetWork\Ast.HcNetWork.csproj", "{F415C22D-B586-4AE7-9B55-38AC245DFD97}"
EndProject
Project("{2150E333-8FDC-42A3-9474-1A3956D46DE8}") = "Danjing", "Danjing", "{B576EE0E-6C45-46B4-B11A-595171520CD0}"
EndProject
Global
	GlobalSection(SolutionConfigurationPlatforms) = preSolution
		Debug|Any CPU = Debug|Any CPU
		Release|Any CPU = Release|Any CPU
	EndGlobalSection
	GlobalSection(ProjectConfigurationPlatforms) = postSolution
		{1AD327A6-6A63-4E9E-A532-187859EC6E40}.Debug|Any CPU.ActiveCfg = Debug|Any CPU
		{1AD327A6-6A63-4E9E-A532-187859EC6E40}.Debug|Any CPU.Build.0 = Debug|Any CPU
		{1AD327A6-6A63-4E9E-A532-187859EC6E40}.Release|Any CPU.ActiveCfg = Release|Any CPU
		{1AD327A6-6A63-4E9E-A532-187859EC6E40}.Release|Any CPU.Build.0 = Release|Any CPU
		{038F812E-5D14-47CF-8BBF-832158548061}.Debug|Any CPU.ActiveCfg = Debug|Any CPU
		{038F812E-5D14-47CF-8BBF-832158548061}.Debug|Any CPU.Build.0 = Debug|Any CPU
		{038F812E-5D14-47CF-8BBF-832158548061}.Release|Any CPU.ActiveCfg = Release|Any CPU
		{038F812E-5D14-47CF-8BBF-832158548061}.Release|Any CPU.Build.0 = Release|Any CPU
		{FA6431E6-944F-4246-9C14-B5AA83A1A661}.Debug|Any CPU.ActiveCfg = Debug|Any CPU
		{FA6431E6-944F-4246-9C14-B5AA83A1A661}.Debug|Any CPU.Build.0 = Debug|Any CPU
		{FA6431E6-944F-4246-9C14-B5AA83A1A661}.Release|Any CPU.ActiveCfg = Release|Any CPU
		{FA6431E6-944F-4246-9C14-B5AA83A1A661}.Release|Any CPU.Build.0 = Release|Any CPU
		{19708C74-09D0-42D9-8946-27F30E5BD7E5}.Debug|Any CPU.ActiveCfg = Debug|Any CPU
		{19708C74-09D0-42D9-8946-27F30E5BD7E5}.Debug|Any CPU.Build.0 = Debug|Any CPU
		{19708C74-09D0-42D9-8946-27F30E5BD7E5}.Release|Any CPU.ActiveCfg = Release|Any CPU
		{19708C74-09D0-42D9-8946-27F30E5BD7E5}.Release|Any CPU.Build.0 = Release|Any CPU
		{8BA97B3B-A2B7-4AB2-908E-35A27239446F}.Debug|Any CPU.ActiveCfg = Debug|Any CPU
		{8BA97B3B-A2B7-4AB2-908E-35A27239446F}.Debug|Any CPU.Build.0 = Debug|Any CPU
		{8BA97B3B-A2B7-4AB2-908E-35A27239446F}.Release|Any CPU.ActiveCfg = Release|Any CPU
		{8BA97B3B-A2B7-4AB2-908E-35A27239446F}.Release|Any CPU.Build.0 = Release|Any CPU
		{01B7A8BE-FB65-4D38-AF8B-B60455BAAC07}.Debug|Any CPU.ActiveCfg = Debug|Any CPU
		{01B7A8BE-FB65-4D38-AF8B-B60455BAAC07}.Debug|Any CPU.Build.0 = Debug|Any CPU
		{01B7A8BE-FB65-4D38-AF8B-B60455BAAC07}.Release|Any CPU.ActiveCfg = Release|Any CPU
		{01B7A8BE-FB65-4D38-AF8B-B60455BAAC07}.Release|Any CPU.Build.0 = Release|Any CPU
		{F6B3D0CC-9BA0-41A1-BD6C-BB8510942787}.Debug|Any CPU.ActiveCfg = Debug|Any CPU
		{F6B3D0CC-9BA0-41A1-BD6C-BB8510942787}.Debug|Any CPU.Build.0 = Debug|Any CPU
		{F6B3D0CC-9BA0-41A1-BD6C-BB8510942787}.Release|Any CPU.ActiveCfg = Release|Any CPU
		{F6B3D0CC-9BA0-41A1-BD6C-BB8510942787}.Release|Any CPU.Build.0 = Release|Any CPU
		{241CF576-527B-4881-B94A-50E97CAE9D59}.Debug|Any CPU.ActiveCfg = Debug|Any CPU
		{241CF576-527B-4881-B94A-50E97CAE9D59}.Debug|Any CPU.Build.0 = Debug|Any CPU
		{241CF576-527B-4881-B94A-50E97CAE9D59}.Release|Any CPU.ActiveCfg = Release|Any CPU
		{241CF576-527B-4881-B94A-50E97CAE9D59}.Release|Any CPU.Build.0 = Release|Any CPU
		{8018A0D3-BF7A-445D-9E4E-BAA60B1AFB83}.Debug|Any CPU.ActiveCfg = Debug|Any CPU
		{8018A0D3-BF7A-445D-9E4E-BAA60B1AFB83}.Debug|Any CPU.Build.0 = Debug|Any CPU
		{8018A0D3-BF7A-445D-9E4E-BAA60B1AFB83}.Release|Any CPU.ActiveCfg = Release|Any CPU
		{8018A0D3-BF7A-445D-9E4E-BAA60B1AFB83}.Release|Any CPU.Build.0 = Release|Any CPU
		{DD384758-6A85-48FF-90C0-7F21B53C83D5}.Debug|Any CPU.ActiveCfg = Debug|Any CPU
		{DD384758-6A85-48FF-90C0-7F21B53C83D5}.Debug|Any CPU.Build.0 = Debug|Any CPU
		{DD384758-6A85-48FF-90C0-7F21B53C83D5}.Release|Any CPU.ActiveCfg = Release|Any CPU
		{DD384758-6A85-48FF-90C0-7F21B53C83D5}.Release|Any CPU.Build.0 = Release|Any CPU
		{1E508387-B042-415B-AFC4-023DD9DEE4FE}.Debug|Any CPU.ActiveCfg = Debug|Any CPU
		{1E508387-B042-415B-AFC4-023DD9DEE4FE}.Debug|Any CPU.Build.0 = Debug|Any CPU
		{1E508387-B042-415B-AFC4-023DD9DEE4FE}.Release|Any CPU.ActiveCfg = Release|Any CPU
		{1E508387-B042-415B-AFC4-023DD9DEE4FE}.Release|Any CPU.Build.0 = Release|Any CPU
		{F415C22D-B586-4AE7-9B55-38AC245DFD97}.Debug|Any CPU.ActiveCfg = Debug|Any CPU
		{F415C22D-B586-4AE7-9B55-38AC245DFD97}.Debug|Any CPU.Build.0 = Debug|Any CPU
		{F415C22D-B586-4AE7-9B55-38AC245DFD97}.Release|Any CPU.ActiveCfg = Release|Any CPU
		{F415C22D-B586-4AE7-9B55-38AC245DFD97}.Release|Any CPU.Build.0 = Release|Any CPU
	EndGlobalSection
	GlobalSection(SolutionProperties) = preSolution
		HideSolutionNode = FALSE
	EndGlobalSection
	GlobalSection(NestedProjects) = preSolution
		{1AD327A6-6A63-4E9E-A532-187859EC6E40} = {80BF11ED-45E9-4F8A-B5B4-A682FD925AB6}
		{038F812E-5D14-47CF-8BBF-832158548061} = {B6E7524E-5772-4480-BCC0-0080F76358C2}
		{FA6431E6-944F-4246-9C14-B5AA83A1A661} = {B6E7524E-5772-4480-BCC0-0080F76358C2}
		{19708C74-09D0-42D9-8946-27F30E5BD7E5} = {3F6A173A-EFC2-45EA-825E-7691460385AA}
		{8BA97B3B-A2B7-4AB2-908E-35A27239446F} = {3F6A173A-EFC2-45EA-825E-7691460385AA}
		{01B7A8BE-FB65-4D38-AF8B-B60455BAAC07} = {3F6A173A-EFC2-45EA-825E-7691460385AA}
		{F6B3D0CC-9BA0-41A1-BD6C-BB8510942787} = {6485EB7D-D49B-4743-A92E-715DB528E02D}
		{241CF576-527B-4881-B94A-50E97CAE9D59} = {28E7CE20-36DD-4419-833E-9C9F59F79EDB}
		{8018A0D3-BF7A-445D-9E4E-BAA60B1AFB83} = {28E7CE20-36DD-4419-833E-9C9F59F79EDB}
		{DD384758-6A85-48FF-90C0-7F21B53C83D5} = {28E7CE20-36DD-4419-833E-9C9F59F79EDB}
		{1E508387-B042-415B-AFC4-023DD9DEE4FE} = {48151E21-1FA0-4EF4-A28A-93C9485954F7}
		{F415C22D-B586-4AE7-9B55-38AC245DFD97} = {B576EE0E-6C45-46B4-B11A-595171520CD0}
	EndGlobalSection
	GlobalSection(ExtensibilityGlobals) = postSolution
		SolutionGuid = {F8E2F865-D314-4AC5-B01A-C24DFD0A2C62}
	EndGlobalSection
EndGlobal
